# This file was autogenerated by uv via the following command:
#    uv pip compile backend/requirements.txt -o backend/requirements.lock
annotated-types==0.8.0
    # via pydantic
anyio==4.15.1
    # via starlette
bedrock-agentcore==1.15.0
    # via -r backend/requirements.txt
boto3==1.43.28
    # via
    #   -r backend/requirements.txt
    #   bedrock-agentcore
botocore==1.43.89
    # via
    #   bedrock-agentcore
    #   boto3
    #   s3transfer
click==8.5.0
    # via uvicorn
h11==0.16.0
    # via uvicorn
idna==3.19
    # via anyio
jmespath==1.1.0
    # via
    #   boto3
    #   botocore
pydantic==2.13.5
    # via bedrock-agentcore
pydantic-core==2.46.5
    # via pydantic
python-dateutil==2.9.0.post0
    # via botocore
s3transfer==0.18.0
    # via boto3
six==1.17.0
    # via python-dateutil
starlette==1.6.0
    # via bedrock-agentcore
typing-extensions==4.16.0
    # via
    #   anyio
    #   bedrock-agentcore
    #   pydantic
    #   pydantic-core
    #   typing-inspection
typing-inspection==0.4.4
    # via pydantic
urllib3==2.7.0
    # via
    #   bedrock-agentcore
    #   botocore
uvicorn==0.52.4
    # via bedrock-agentcore
websockets==17.1
    # via bedrock-agentcore
