# This file was autogenerated by uv via the following command:
#    uv pip compile --python-version 3.13 --constraint .local/review/runtime-constraints.txt backend/requirements.txt -o backend/requirements.lock
annotated-types==0.8.0
    # via
    #   -c .local/review/runtime-constraints.txt
    #   pydantic
anyio==4.15.1
    # via
    #   -c .local/review/runtime-constraints.txt
    #   httpx
    #   httpx2
    #   mcp
    #   sse-starlette
    #   starlette
asgiref==3.12.1
    # via
    #   -c .local/review/runtime-constraints.txt
    #   opentelemetry-instrumentation-asgi
attrs==26.1.0
    # via
    #   -c .local/review/runtime-constraints.txt
    #   jsonschema
    #   referencing
aws-opentelemetry-distro==0.19.0
    # via
    #   -c .local/review/runtime-constraints.txt
    #   -r backend/requirements.txt
bedrock-agentcore==1.15.0
    # via
    #   -c .local/review/runtime-constraints.txt
    #   -r backend/requirements.txt
boto3==1.43.28
    # via
    #   -c .local/review/runtime-constraints.txt
    #   -r backend/requirements.txt
    #   bedrock-agentcore
    #   strands-agents
botocore==1.43.89
    # via
    #   -c .local/review/runtime-constraints.txt
    #   bedrock-agentcore
    #   boto3
    #   s3transfer
    #   strands-agents
cachetools==6.2.4
    # via
    #   -c .local/review/runtime-constraints.txt
    #   aws-opentelemetry-distro
certifi==2026.7.22
    # via
    #   -c .local/review/runtime-constraints.txt
    #   httpcore
    #   httpx
    #   requests
cffi==2.1.1
    # via
    #   -c .local/review/runtime-constraints.txt
    #   cryptography
charset-normalizer==3.5.1
    # via
    #   -c .local/review/runtime-constraints.txt
    #   requests
click==8.5.0
    # via
    #   -c .local/review/runtime-constraints.txt
    #   uvicorn
cryptography==50.0.1
    # via
    #   -c .local/review/runtime-constraints.txt
    #   pyjwt
docstring-parser==0.18.0
    # via
    #   -c .local/review/runtime-constraints.txt
    #   strands-agents
googleapis-common-protos==1.75.3
    # via
    #   -c .local/review/runtime-constraints.txt
    #   opentelemetry-exporter-otlp-proto-grpc
    #   opentelemetry-exporter-otlp-proto-http
grpcio==1.83.1
    # via
    #   -c .local/review/runtime-constraints.txt
    #   opentelemetry-exporter-otlp-proto-grpc
h11==0.16.0
    # via
    #   -c .local/review/runtime-constraints.txt
    #   httpcore
    #   httpcore2
    #   uvicorn
httpcore==1.0.9
    # via
    #   -c .local/review/runtime-constraints.txt
    #   httpx
httpcore2==2.12.0
    # via
    #   -c .local/review/runtime-constraints.txt
    #   httpx2
httpx==0.28.1
    # via
    #   -c .local/review/runtime-constraints.txt
    #   -r backend/requirements.txt
    #   strands-agents
httpx2==2.12.0
    # via
    #   -c .local/review/runtime-constraints.txt
    #   mcp
idna==3.19
    # via
    #   -c .local/review/runtime-constraints.txt
    #   anyio
    #   httpx
    #   httpx2
    #   requests
jmespath==1.1.0
    # via
    #   -c .local/review/runtime-constraints.txt
    #   boto3
    #   botocore
jsonschema==4.26.0
    # via
    #   -c .local/review/runtime-constraints.txt
    #   mcp
    #   strands-agents
jsonschema-specifications==2025.9.1
    # via
    #   -c .local/review/runtime-constraints.txt
    #   jsonschema
mcp==2.1.1
    # via
    #   -c .local/review/runtime-constraints.txt
    #   strands-agents
mcp-types==2.1.1
    # via
    #   -c .local/review/runtime-constraints.txt
    #   mcp
opentelemetry-api==1.44.0
    # via
    #   -c .local/review/runtime-constraints.txt
    #   -r backend/requirements.txt
    #   aws-opentelemetry-distro
    #   mcp
    #   opentelemetry-distro
    #   opentelemetry-exporter-otlp-proto-grpc
    #   opentelemetry-exporter-otlp-proto-http
    #   opentelemetry-instrumentation
    #   opentelemetry-instrumentation-aio-pika
    #   opentelemetry-instrumentation-aiohttp-client
    #   opentelemetry-instrumentation-aiokafka
    #   opentelemetry-instrumentation-aiopg
    #   opentelemetry-instrumentation-asgi
    #   opentelemetry-instrumentation-asyncpg
    #   opentelemetry-instrumentation-boto3sqs
    #   opentelemetry-instrumentation-botocore
    #   opentelemetry-instrumentation-cassandra
    #   opentelemetry-instrumentation-celery
    #   opentelemetry-instrumentation-confluent-kafka
    #   opentelemetry-instrumentation-dbapi
    #   opentelemetry-instrumentation-django
    #   opentelemetry-instrumentation-falcon
    #   opentelemetry-instrumentation-fastapi
    #   opentelemetry-instrumentation-flask
    #   opentelemetry-instrumentation-grpc
    #   opentelemetry-instrumentation-httpx
    #   opentelemetry-instrumentation-jinja2
    #   opentelemetry-instrumentation-kafka-python
    #   opentelemetry-instrumentation-logging
    #   opentelemetry-instrumentation-mysql
    #   opentelemetry-instrumentation-mysqlclient
    #   opentelemetry-instrumentation-openai-agents-v2
    #   opentelemetry-instrumentation-pika
    #   opentelemetry-instrumentation-psycopg2
    #   opentelemetry-instrumentation-pymemcache
    #   opentelemetry-instrumentation-pymongo
    #   opentelemetry-instrumentation-pymysql
    #   opentelemetry-instrumentation-pyramid
    #   opentelemetry-instrumentation-redis
    #   opentelemetry-instrumentation-remoulade
    #   opentelemetry-instrumentation-requests
    #   opentelemetry-instrumentation-sqlalchemy
    #   opentelemetry-instrumentation-sqlite3
    #   opentelemetry-instrumentation-starlette
    #   opentelemetry-instrumentation-system-metrics
    #   opentelemetry-instrumentation-threading
    #   opentelemetry-instrumentation-tornado
    #   opentelemetry-instrumentation-tortoiseorm
    #   opentelemetry-instrumentation-urllib
    #   opentelemetry-instrumentation-urllib3
    #   opentelemetry-instrumentation-wsgi
    #   opentelemetry-processor-baggage
    #   opentelemetry-propagator-aws-xray
    #   opentelemetry-propagator-b3
    #   opentelemetry-propagator-jaeger
    #   opentelemetry-propagator-ot-trace
    #   opentelemetry-sdk
    #   opentelemetry-semantic-conventions
    #   opentelemetry-util-genai
    #   strands-agents
opentelemetry-distro==0.65b0
    # via
    #   -c .local/review/runtime-constraints.txt
    #   aws-opentelemetry-distro
opentelemetry-exporter-otlp-proto-common==1.44.0
    # via
    #   -c .local/review/runtime-constraints.txt
    #   aws-opentelemetry-distro
    #   opentelemetry-exporter-otlp-proto-grpc
    #   opentelemetry-exporter-otlp-proto-http
opentelemetry-exporter-otlp-proto-grpc==1.44.0
    # via
    #   -c .local/review/runtime-constraints.txt
    #   aws-opentelemetry-distro
opentelemetry-exporter-otlp-proto-http==1.44.0
    # via
    #   -c .local/review/runtime-constraints.txt
    #   aws-opentelemetry-distro
opentelemetry-instrumentation==0.65b0
    # via
    #   -c .local/review/runtime-constraints.txt
    #   aws-opentelemetry-distro
    #   opentelemetry-distro
    #   opentelemetry-instrumentation-aio-pika
    #   opentelemetry-instrumentation-aiohttp-client
    #   opentelemetry-instrumentation-aiokafka
    #   opentelemetry-instrumentation-aiopg
    #   opentelemetry-instrumentation-asgi
    #   opentelemetry-instrumentation-asyncpg
    #   opentelemetry-instrumentation-aws-lambda
    #   opentelemetry-instrumentation-boto3sqs
    #   opentelemetry-instrumentation-botocore
    #   opentelemetry-instrumentation-cassandra
    #   opentelemetry-instrumentation-celery
    #   opentelemetry-instrumentation-confluent-kafka
    #   opentelemetry-instrumentation-dbapi
    #   opentelemetry-instrumentation-django
    #   opentelemetry-instrumentation-falcon
    #   opentelemetry-instrumentation-fastapi
    #   opentelemetry-instrumentation-flask
    #   opentelemetry-instrumentation-grpc
    #   opentelemetry-instrumentation-httpx
    #   opentelemetry-instrumentation-jinja2
    #   opentelemetry-instrumentation-kafka-python
    #   opentelemetry-instrumentation-logging
    #   opentelemetry-instrumentation-mysql
    #   opentelemetry-instrumentation-mysqlclient
    #   opentelemetry-instrumentation-openai-agents-v2
    #   opentelemetry-instrumentation-pika
    #   opentelemetry-instrumentation-psycopg2
    #   opentelemetry-instrumentation-pymemcache
    #   opentelemetry-instrumentation-pymongo
    #   opentelemetry-instrumentation-pymysql
    #   opentelemetry-instrumentation-pyramid
    #   opentelemetry-instrumentation-redis
    #   opentelemetry-instrumentation-remoulade
    #   opentelemetry-instrumentation-requests
    #   opentelemetry-instrumentation-sqlalchemy
    #   opentelemetry-instrumentation-sqlite3
    #   opentelemetry-instrumentation-starlette
    #   opentelemetry-instrumentation-system-metrics
    #   opentelemetry-instrumentation-threading
    #   opentelemetry-instrumentation-tornado
    #   opentelemetry-instrumentation-tortoiseorm
    #   opentelemetry-instrumentation-urllib
    #   opentelemetry-instrumentation-urllib3
    #   opentelemetry-instrumentation-wsgi
    #   opentelemetry-util-genai
opentelemetry-instrumentation-aio-pika==0.65b0
    # via
    #   -c .local/review/runtime-constraints.txt
    #   aws-opentelemetry-distro
opentelemetry-instrumentation-aiohttp-client==0.65b0
    # via
    #   -c .local/review/runtime-constraints.txt
    #   aws-opentelemetry-distro
opentelemetry-instrumentation-aiokafka==0.65b0
    # via
    #   -c .local/review/runtime-constraints.txt
    #   aws-opentelemetry-distro
opentelemetry-instrumentation-aiopg==0.65b0
    # via
    #   -c .local/review/runtime-constraints.txt
    #   aws-opentelemetry-distro
opentelemetry-instrumentation-asgi==0.65b0
    # via
    #   -c .local/review/runtime-constraints.txt
    #   aws-opentelemetry-distro
    #   opentelemetry-instrumentation-fastapi
    #   opentelemetry-instrumentation-starlette
opentelemetry-instrumentation-asyncpg==0.65b0
    # via
    #   -c .local/review/runtime-constraints.txt
    #   aws-opentelemetry-distro
opentelemetry-instrumentation-aws-lambda==0.65b0
    # via
    #   -c .local/review/runtime-constraints.txt
    #   aws-opentelemetry-distro
opentelemetry-instrumentation-boto3sqs==0.65b0
    # via
    #   -c .local/review/runtime-constraints.txt
    #   aws-opentelemetry-distro
opentelemetry-instrumentation-botocore==0.65b0
    # via
    #   -c .local/review/runtime-constraints.txt
    #   aws-opentelemetry-distro
opentelemetry-instrumentation-cassandra==0.65b0
    # via
    #   -c .local/review/runtime-constraints.txt
    #   aws-opentelemetry-distro
opentelemetry-instrumentation-celery==0.65b0
    # via
    #   -c .local/review/runtime-constraints.txt
    #   aws-opentelemetry-distro
opentelemetry-instrumentation-confluent-kafka==0.65b0
    # via
    #   -c .local/review/runtime-constraints.txt
    #   aws-opentelemetry-distro
opentelemetry-instrumentation-dbapi==0.65b0
    # via
    #   -c .local/review/runtime-constraints.txt
    #   aws-opentelemetry-distro
    #   opentelemetry-instrumentation-aiopg
    #   opentelemetry-instrumentation-mysql
    #   opentelemetry-instrumentation-mysqlclient
    #   opentelemetry-instrumentation-psycopg2
    #   opentelemetry-instrumentation-pymysql
    #   opentelemetry-instrumentation-sqlite3
opentelemetry-instrumentation-django==0.65b0
    # via
    #   -c .local/review/runtime-constraints.txt
    #   aws-opentelemetry-distro
opentelemetry-instrumentation-falcon==0.65b0
    # via
    #   -c .local/review/runtime-constraints.txt
    #   aws-opentelemetry-distro
opentelemetry-instrumentation-fastapi==0.65b0
    # via
    #   -c .local/review/runtime-constraints.txt
    #   aws-opentelemetry-distro
opentelemetry-instrumentation-flask==0.65b0
    # via
    #   -c .local/review/runtime-constraints.txt
    #   aws-opentelemetry-distro
opentelemetry-instrumentation-grpc==0.65b0
    # via
    #   -c .local/review/runtime-constraints.txt
    #   aws-opentelemetry-distro
opentelemetry-instrumentation-httpx==0.65b0
    # via
    #   -c .local/review/runtime-constraints.txt
    #   aws-opentelemetry-distro
opentelemetry-instrumentation-jinja2==0.65b0
    # via
    #   -c .local/review/runtime-constraints.txt
    #   aws-opentelemetry-distro
opentelemetry-instrumentation-kafka-python==0.65b0
    # via
    #   -c .local/review/runtime-constraints.txt
    #   aws-opentelemetry-distro
opentelemetry-instrumentation-logging==0.65b0
    # via
    #   -c .local/review/runtime-constraints.txt
    #   aws-opentelemetry-distro
opentelemetry-instrumentation-mysql==0.65b0
    # via
    #   -c .local/review/runtime-constraints.txt
    #   aws-opentelemetry-distro
opentelemetry-instrumentation-mysqlclient==0.65b0
    # via
    #   -c .local/review/runtime-constraints.txt
    #   aws-opentelemetry-distro
opentelemetry-instrumentation-openai-agents-v2==0.1.0
    # via
    #   -c .local/review/runtime-constraints.txt
    #   aws-opentelemetry-distro
opentelemetry-instrumentation-pika==0.65b0
    # via
    #   -c .local/review/runtime-constraints.txt
    #   aws-opentelemetry-distro
opentelemetry-instrumentation-psycopg2==0.65b0
    # via
    #   -c .local/review/runtime-constraints.txt
    #   aws-opentelemetry-distro
opentelemetry-instrumentation-pymemcache==0.65b0
    # via
    #   -c .local/review/runtime-constraints.txt
    #   aws-opentelemetry-distro
opentelemetry-instrumentation-pymongo==0.65b0
    # via
    #   -c .local/review/runtime-constraints.txt
    #   aws-opentelemetry-distro
opentelemetry-instrumentation-pymysql==0.65b0
    # via
    #   -c .local/review/runtime-constraints.txt
    #   aws-opentelemetry-distro
opentelemetry-instrumentation-pyramid==0.65b0
    # via
    #   -c .local/review/runtime-constraints.txt
    #   aws-opentelemetry-distro
opentelemetry-instrumentation-redis==0.65b0
    # via
    #   -c .local/review/runtime-constraints.txt
    #   aws-opentelemetry-distro
opentelemetry-instrumentation-remoulade==0.65b0
    # via
    #   -c .local/review/runtime-constraints.txt
    #   aws-opentelemetry-distro
opentelemetry-instrumentation-requests==0.65b0
    # via
    #   -c .local/review/runtime-constraints.txt
    #   aws-opentelemetry-distro
opentelemetry-instrumentation-sqlalchemy==0.65b0
    # via
    #   -c .local/review/runtime-constraints.txt
    #   aws-opentelemetry-distro
opentelemetry-instrumentation-sqlite3==0.65b0
    # via
    #   -c .local/review/runtime-constraints.txt
    #   aws-opentelemetry-distro
opentelemetry-instrumentation-starlette==0.65b0
    # via
    #   -c .local/review/runtime-constraints.txt
    #   aws-opentelemetry-distro
opentelemetry-instrumentation-system-metrics==0.65b0
    # via
    #   -c .local/review/runtime-constraints.txt
    #   aws-opentelemetry-distro
opentelemetry-instrumentation-threading==0.65b0
    # via
    #   -c .local/review/runtime-constraints.txt
    #   aws-opentelemetry-distro
    #   strands-agents
opentelemetry-instrumentation-tornado==0.65b0
    # via
    #   -c .local/review/runtime-constraints.txt
    #   aws-opentelemetry-distro
opentelemetry-instrumentation-tortoiseorm==0.65b0
    # via
    #   -c .local/review/runtime-constraints.txt
    #   aws-opentelemetry-distro
opentelemetry-instrumentation-urllib==0.65b0
    # via
    #   -c .local/review/runtime-constraints.txt
    #   aws-opentelemetry-distro
opentelemetry-instrumentation-urllib3==0.65b0
    # via
    #   -c .local/review/runtime-constraints.txt
    #   aws-opentelemetry-distro
opentelemetry-instrumentation-wsgi==0.65b0
    # via
    #   -c .local/review/runtime-constraints.txt
    #   aws-opentelemetry-distro
    #   opentelemetry-instrumentation-django
    #   opentelemetry-instrumentation-falcon
    #   opentelemetry-instrumentation-flask
    #   opentelemetry-instrumentation-pyramid
opentelemetry-processor-baggage==0.65b0
    # via
    #   -c .local/review/runtime-constraints.txt
    #   aws-opentelemetry-distro
opentelemetry-propagator-aws-xray==1.0.2
    # via
    #   -c .local/review/runtime-constraints.txt
    #   aws-opentelemetry-distro
    #   opentelemetry-instrumentation-aws-lambda
    #   opentelemetry-instrumentation-botocore
opentelemetry-propagator-b3==1.44.0
    # via
    #   -c .local/review/runtime-constraints.txt
    #   aws-opentelemetry-distro
opentelemetry-propagator-jaeger==1.44.0
    # via
    #   -c .local/review/runtime-constraints.txt
    #   aws-opentelemetry-distro
opentelemetry-propagator-ot-trace==0.65b0
    # via
    #   -c .local/review/runtime-constraints.txt
    #   aws-opentelemetry-distro
opentelemetry-proto==1.44.0
    # via
    #   -c .local/review/runtime-constraints.txt
    #   opentelemetry-exporter-otlp-proto-common
    #   opentelemetry-exporter-otlp-proto-grpc
    #   opentelemetry-exporter-otlp-proto-http
opentelemetry-sdk==1.44.0
    # via
    #   -c .local/review/runtime-constraints.txt
    #   aws-opentelemetry-distro
    #   opentelemetry-distro
    #   opentelemetry-exporter-otlp-proto-grpc
    #   opentelemetry-exporter-otlp-proto-http
    #   opentelemetry-processor-baggage
    #   opentelemetry-propagator-ot-trace
    #   opentelemetry-sdk-extension-aws
    #   strands-agents
opentelemetry-sdk-extension-aws==2.1.0
    # via
    #   -c .local/review/runtime-constraints.txt
    #   aws-opentelemetry-distro
opentelemetry-semantic-conventions==0.65b0
    # via
    #   -c .local/review/runtime-constraints.txt
    #   opentelemetry-instrumentation
    #   opentelemetry-instrumentation-aio-pika
    #   opentelemetry-instrumentation-aiohttp-client
    #   opentelemetry-instrumentation-aiokafka
    #   opentelemetry-instrumentation-asgi
    #   opentelemetry-instrumentation-asyncpg
    #   opentelemetry-instrumentation-aws-lambda
    #   opentelemetry-instrumentation-boto3sqs
    #   opentelemetry-instrumentation-botocore
    #   opentelemetry-instrumentation-cassandra
    #   opentelemetry-instrumentation-celery
    #   opentelemetry-instrumentation-confluent-kafka
    #   opentelemetry-instrumentation-dbapi
    #   opentelemetry-instrumentation-django
    #   opentelemetry-instrumentation-falcon
    #   opentelemetry-instrumentation-fastapi
    #   opentelemetry-instrumentation-flask
    #   opentelemetry-instrumentation-grpc
    #   opentelemetry-instrumentation-httpx
    #   opentelemetry-instrumentation-kafka-python
    #   opentelemetry-instrumentation-logging
    #   opentelemetry-instrumentation-openai-agents-v2
    #   opentelemetry-instrumentation-pika
    #   opentelemetry-instrumentation-pymemcache
    #   opentelemetry-instrumentation-pymongo
    #   opentelemetry-instrumentation-pyramid
    #   opentelemetry-instrumentation-redis
    #   opentelemetry-instrumentation-remoulade
    #   opentelemetry-instrumentation-requests
    #   opentelemetry-instrumentation-sqlalchemy
    #   opentelemetry-instrumentation-starlette
    #   opentelemetry-instrumentation-system-metrics
    #   opentelemetry-instrumentation-tornado
    #   opentelemetry-instrumentation-tortoiseorm
    #   opentelemetry-instrumentation-urllib
    #   opentelemetry-instrumentation-urllib3
    #   opentelemetry-instrumentation-wsgi
    #   opentelemetry-sdk
    #   opentelemetry-util-genai
opentelemetry-util-genai==1.1b0
    # via
    #   -c .local/review/runtime-constraints.txt
    #   opentelemetry-instrumentation-openai-agents-v2
opentelemetry-util-http==0.65b0
    # via
    #   -c .local/review/runtime-constraints.txt
    #   opentelemetry-instrumentation-aiohttp-client
    #   opentelemetry-instrumentation-asgi
    #   opentelemetry-instrumentation-django
    #   opentelemetry-instrumentation-falcon
    #   opentelemetry-instrumentation-fastapi
    #   opentelemetry-instrumentation-flask
    #   opentelemetry-instrumentation-httpx
    #   opentelemetry-instrumentation-pyramid
    #   opentelemetry-instrumentation-requests
    #   opentelemetry-instrumentation-starlette
    #   opentelemetry-instrumentation-tornado
    #   opentelemetry-instrumentation-urllib
    #   opentelemetry-instrumentation-urllib3
    #   opentelemetry-instrumentation-wsgi
packaging==26.3
    # via
    #   -c .local/review/runtime-constraints.txt
    #   opentelemetry-instrumentation
    #   opentelemetry-instrumentation-falcon
    #   opentelemetry-instrumentation-flask
    #   opentelemetry-instrumentation-pika
    #   opentelemetry-instrumentation-sqlalchemy
protobuf==6.33.5
    # via
    #   -c .local/review/runtime-constraints.txt
    #   aws-opentelemetry-distro
    #   googleapis-common-protos
    #   opentelemetry-proto
psutil==7.2.2
    # via
    #   -c .local/review/runtime-constraints.txt
    #   opentelemetry-instrumentation-system-metrics
pycparser==3.0
    # via
    #   -c .local/review/runtime-constraints.txt
    #   cffi
pydantic==2.13.5
    # via
    #   -c .local/review/runtime-constraints.txt
    #   -r backend/requirements.txt
    #   bedrock-agentcore
    #   mcp
    #   mcp-types
    #   strands-agents
pydantic-core==2.46.5
    # via
    #   -c .local/review/runtime-constraints.txt
    #   pydantic
pyjwt==2.13.0
    # via
    #   -c .local/review/runtime-constraints.txt
    #   mcp
python-dateutil==2.9.0.post0
    # via
    #   -c .local/review/runtime-constraints.txt
    #   aws-opentelemetry-distro
    #   botocore
python-multipart==0.0.32
    # via
    #   -c .local/review/runtime-constraints.txt
    #   mcp
pyyaml==6.0.3
    # via
    #   -c .local/review/runtime-constraints.txt
    #   aws-opentelemetry-distro
    #   strands-agents
referencing==0.37.0
    # via
    #   -c .local/review/runtime-constraints.txt
    #   jsonschema
    #   jsonschema-specifications
requests==2.34.2
    # via
    #   -c .local/review/runtime-constraints.txt
    #   opentelemetry-exporter-otlp-proto-http
rpds-py==2026.6.3
    # via
    #   -c .local/review/runtime-constraints.txt
    #   jsonschema
    #   referencing
s3transfer==0.18.0
    # via
    #   -c .local/review/runtime-constraints.txt
    #   boto3
six==1.17.0
    # via
    #   -c .local/review/runtime-constraints.txt
    #   python-dateutil
sse-starlette==3.4.11
    # via
    #   -c .local/review/runtime-constraints.txt
    #   mcp
starlette==1.6.0
    # via
    #   -c .local/review/runtime-constraints.txt
    #   bedrock-agentcore
    #   mcp
    #   sse-starlette
strands-agents==1.55.0
    # via
    #   -c .local/review/runtime-constraints.txt
    #   -r backend/requirements.txt
truststore==0.10.4
    # via
    #   -c .local/review/runtime-constraints.txt
    #   httpcore2
    #   httpx2
typing-extensions==4.16.0
    # via
    #   -c .local/review/runtime-constraints.txt
    #   anyio
    #   bedrock-agentcore
    #   grpcio
    #   mcp
    #   mcp-types
    #   opentelemetry-api
    #   opentelemetry-exporter-otlp-proto-grpc
    #   opentelemetry-exporter-otlp-proto-http
    #   opentelemetry-instrumentation-aiokafka
    #   opentelemetry-propagator-b3
    #   opentelemetry-sdk
    #   opentelemetry-semantic-conventions
    #   pydantic
    #   pydantic-core
    #   strands-agents
    #   typing-inspection
typing-inspection==0.4.4
    # via
    #   -c .local/review/runtime-constraints.txt
    #   mcp
    #   pydantic
urllib3==2.7.0
    # via
    #   -c .local/review/runtime-constraints.txt
    #   aws-opentelemetry-distro
    #   bedrock-agentcore
    #   botocore
    #   requests
uvicorn==0.52.4
    # via
    #   -c .local/review/runtime-constraints.txt
    #   bedrock-agentcore
    #   mcp
watchdog==6.0.0
    # via
    #   -c .local/review/runtime-constraints.txt
    #   strands-agents
websockets==17.1
    # via
    #   -c .local/review/runtime-constraints.txt
    #   bedrock-agentcore
wrapt==2.4.0
    # via
    #   -c .local/review/runtime-constraints.txt
    #   opentelemetry-instrumentation
    #   opentelemetry-instrumentation-aio-pika
    #   opentelemetry-instrumentation-aiohttp-client
    #   opentelemetry-instrumentation-aiopg
    #   opentelemetry-instrumentation-boto3sqs
    #   opentelemetry-instrumentation-botocore
    #   opentelemetry-instrumentation-cassandra
    #   opentelemetry-instrumentation-confluent-kafka
    #   opentelemetry-instrumentation-dbapi
    #   opentelemetry-instrumentation-grpc
    #   opentelemetry-instrumentation-httpx
    #   opentelemetry-instrumentation-jinja2
    #   opentelemetry-instrumentation-pika
    #   opentelemetry-instrumentation-pymemcache
    #   opentelemetry-instrumentation-pyramid
    #   opentelemetry-instrumentation-redis
    #   opentelemetry-instrumentation-sqlalchemy
    #   opentelemetry-instrumentation-threading
    #   opentelemetry-instrumentation-urllib3
    #   opentelemetry-processor-baggage
    #   opentelemetry-util-genai
