# This file was autogenerated by uv via the following command:
#    uv pip compile --python-version 3.13 --constraint backend/requirements.lock backend/tools-requirements.txt -o backend/tools-requirements.lock
annotated-types==0.8.0
    # via
    #   -c backend/requirements.lock
    #   pydantic
boto3==1.43.28
    # via
    #   -c backend/requirements.lock
    #   -r backend/tools-requirements.txt
botocore==1.43.89
    # via
    #   -c backend/requirements.lock
    #   boto3
    #   s3transfer
jmespath==1.1.0
    # via
    #   -c backend/requirements.lock
    #   boto3
    #   botocore
pydantic==2.13.5
    # via
    #   -c backend/requirements.lock
    #   -r backend/tools-requirements.txt
pydantic-core==2.46.5
    # via
    #   -c backend/requirements.lock
    #   pydantic
python-dateutil==2.9.0.post0
    # via
    #   -c backend/requirements.lock
    #   botocore
s3transfer==0.18.0
    # via
    #   -c backend/requirements.lock
    #   boto3
six==1.17.0
    # via
    #   -c backend/requirements.lock
    #   python-dateutil
typing-extensions==4.16.0
    # via
    #   -c backend/requirements.lock
    #   pydantic
    #   pydantic-core
    #   typing-inspection
typing-inspection==0.4.4
    # via
    #   -c backend/requirements.lock
    #   pydantic
urllib3==2.7.0
    # via
    #   -c backend/requirements.lock
    #   botocore
